// !$*UTF8*$!
{
	archiveVersion = 1;
	classes = {
	};
	objectVersion = 55;
	objects = {

/* Begin PBXBuildFile section */
		EB7946782882DADE0014723D /* AppDelegate.swift in Sources */ = {isa = PBXBuildFile; fileRef = EB7946772882DADE0014723D /* AppDelegate.swift */; };
		EB79467A2882DADE0014723D /* SceneDelegate.swift in Sources */ = {isa = PBXBuildFile; fileRef = EB7946792882DADE0014723D /* SceneDelegate.swift */; };
		EB79467C2882DADE0014723D /* TestViewController.swift in Sources */ = {isa = PBXBuildFile; fileRef = EB79467B2882DADE0014723D /* TestViewController.swift */; };
		EB79467F2882DADE0014723D /* Main.storyboard in Resources */ = {isa = PBXBuildFile; fileRef = EB79467D2882DADE0014723D /* Main.storyboard */; };
		EB7946812882DAE00014723D /* Assets.xcassets in Resources */ = {isa = PBXBuildFile; fileRef = EB7946802882DAE00014723D /* Assets.xcassets */; };
		EB7946842882DAE00014723D /* LaunchScreen.storyboard in Resources */ = {isa = PBXBuildFile; fileRef = EB7946822882DAE00014723D /* LaunchScreen.storyboard */; };
		F70879A9289022300088B5FE /* AlertManager.swift in Sources */ = {isa = PBXBuildFile; fileRef = F70879A8289022300088B5FE /* AlertManager.swift */; };
		F70ABF422896BF7800B90BCB /* Extensions.swift in Sources */ = {isa = PBXBuildFile; fileRef = F70ABF412896BF7800B90BCB /* Extensions.swift */; };
		F70ABF442896C0EE00B90BCB /* Test.swift in Sources */ = {isa = PBXBuildFile; fileRef = F70ABF432896C0EE00B90BCB /* Test.swift */; };
		F7287EDE28B390F10078A151 /* Reachability in Frameworks */ = {isa = PBXBuildFile; productRef = F7287EDD28B390F10078A151 /* Reachability */; };
		F74D9ECB288FEEBB00106654 /* Reachability.swift in Sources */ = {isa = PBXBuildFile; fileRef = F74D9ECA288FEEBB00106654 /* Reachability.swift */; };
		F74D9ECE2890002200106654 /* HistoryViewController.swift in Sources */ = {isa = PBXBuildFile; fileRef = F74D9ECD2890002200106654 /* HistoryViewController.swift */; };
		F77ED43928A40EE90013F80A /* TableViewCell.swift in Sources */ = {isa = PBXBuildFile; fileRef = F77ED43728A40EE90013F80A /* TableViewCell.swift */; };
		F77ED43A28A40EE90013F80A /* TableViewCell.xib in Resources */ = {isa = PBXBuildFile; fileRef = F77ED43828A40EE90013F80A /* TableViewCell.xib */; };
		F7A384DB28A7F46700CA8D3E /* SlideUpAnimator.swift in Sources */ = {isa = PBXBuildFile; fileRef = F7A384DA28A7F46700CA8D3E /* SlideUpAnimator.swift */; };
		F7A384DF28A7F61400CA8D3E /* GaugeView.swift in Sources */ = {isa = PBXBuildFile; fileRef = F7A384DE28A7F61400CA8D3E /* GaugeView.swift */; };
		F7A384E228A7F8BF00CA8D3E /* GaugeSlider in Frameworks */ = {isa = PBXBuildFile; productRef = F7A384E128A7F8BF00CA8D3E /* GaugeSlider */; };
/* End PBXBuildFile section */

/* Begin PBXFileReference section */
		EB7946742882DADE0014723D /* One Speed.app */ = {isa = PBXFileReference; explicitFileType = wrapper.application; includeInIndex = 0; path = "One Speed.app"; sourceTree = BUILT_PRODUCTS_DIR; };
		EB7946772882DADE0014723D /* AppDelegate.swift */ = {isa = PBXFileReference; lastKnownFileType = sourcecode.swift; path = AppDelegate.swift; sourceTree = "<group>"; };
		EB7946792882DADE0014723D /* SceneDelegate.swift */ = {isa = PBXFileReference; lastKnownFileType = sourcecode.swift; path = SceneDelegate.swift; sourceTree = "<group>"; };
		EB79467B2882DADE0014723D /* TestViewController.swift */ = {isa = PBXFileReference; lastKnownFileType = sourcecode.swift; path = TestViewController.swift; sourceTree = "<group>"; };
		EB79467E2882DADE0014723D /* Base */ = {isa = PBXFileReference; lastKnownFileType = file.storyboard; name = Base; path = Base.lproj/Main.storyboard; sourceTree = "<group>"; };
		EB7946802882DAE00014723D /* Assets.xcassets */ = {isa = PBXFileReference; lastKnownFileType = folder.assetcatalog; path = Assets.xcassets; sourceTree = "<group>"; };
		EB7946832882DAE00014723D /* Base */ = {isa = PBXFileReference; lastKnownFileType = file.storyboard; name = Base; path = Base.lproj/LaunchScreen.storyboard; sourceTree = "<group>"; };
		EB7946852882DAE00014723D /* Info.plist */ = {isa = PBXFileReference; lastKnownFileType = text.plist.xml; path = Info.plist; sourceTree = "<group>"; };
		F70879A8289022300088B5FE /* AlertManager.swift */ = {isa = PBXFileReference; fileEncoding = 4; lastKnownFileType = sourcecode.swift; path = AlertManager.swift; sourceTree = "<group>"; };
		F70ABF412896BF7800B90BCB /* Extensions.swift */ = {isa = PBXFileReference; lastKnownFileType = sourcecode.swift; path = Extensions.swift; sourceTree = "<group>"; };
		F70ABF432896C0EE00B90BCB /* Test.swift */ = {isa = PBXFileReference; lastKnownFileType = sourcecode.swift; path = Test.swift; sourceTree = "<group>"; };
		F74D9ECA288FEEBB00106654 /* Reachability.swift */ = {isa = PBXFileReference; fileEncoding = 4; lastKnownFileType = sourcecode.swift; path = Reachability.swift; sourceTree = "<group>"; };
		F74D9ECD2890002200106654 /* HistoryViewController.swift */ = {isa = PBXFileReference; lastKnownFileType = sourcecode.swift; path = HistoryViewController.swift; sourceTree = "<group>"; };
		F77ED43728A40EE90013F80A /* TableViewCell.swift */ = {isa = PBXFileReference; lastKnownFileType = sourcecode.swift; path = TableViewCell.swift; sourceTree = "<group>"; };
		F77ED43828A40EE90013F80A /* TableViewCell.xib */ = {isa = PBXFileReference; lastKnownFileType = file.xib; path = TableViewCell.xib; sourceTree = "<group>"; };
		F7A384DA28A7F46700CA8D3E /* SlideUpAnimator.swift */ = {isa = PBXFileReference; fileEncoding = 4; lastKnownFileType = sourcecode.swift; path = SlideUpAnimator.swift; sourceTree = "<group>"; };
		F7A384DE28A7F61400CA8D3E /* GaugeView.swift */ = {isa = PBXFileReference; lastKnownFileType = sourcecode.swift; path = GaugeView.swift; sourceTree = "<group>"; };
/* End PBXFileReference section */

/* Begin PBXFrameworksBuildPhase section */
		EB7946712882DADE0014723D /* Frameworks */ = {
			isa = PBXFrameworksBuildPhase;
			buildActionMask = 2147483647;
			files = (
				F7A384E228A7F8BF00CA8D3E /* GaugeSlider in Frameworks */,
				F7287EDE28B390F10078A151 /* Reachability in Frameworks */,
			);
			runOnlyForDeploymentPostprocessing = 0;
		};
/* End PBXFrameworksBuildPhase section */

/* Begin PBXGroup section */
		EB79466B2882DADE0014723D = {
			isa = PBXGroup;
			children = (
				EB7946762882DADE0014723D /* One Speed */,
				EB7946752882DADE0014723D /* Products */,
			);
			sourceTree = "<group>";
		};
		EB7946752882DADE0014723D /* Products */ = {
			isa = PBXGroup;
			children = (
				EB7946742882DADE0014723D /* One Speed.app */,
			);
			name = Products;
			sourceTree = "<group>";
		};
		EB7946762882DADE0014723D /* One Speed */ = {
			isa = PBXGroup;
			children = (
				EB7946772882DADE0014723D /* AppDelegate.swift */,
				EB7946792882DADE0014723D /* SceneDelegate.swift */,
				F70ABF452896C0F200B90BCB /* Models */,
				F74D9ECF2890002800106654 /* ViewControllers */,
				EB79467D2882DADE0014723D /* Main.storyboard */,
				F77ED43C28A40F080013F80A /* TableViewCell */,
				F74D9ECC288FEEC000106654 /* Helpers */,
				EB7946802882DAE00014723D /* Assets.xcassets */,
				EB7946822882DAE00014723D /* LaunchScreen.storyboard */,
				EB7946852882DAE00014723D /* Info.plist */,
				F70ABF412896BF7800B90BCB /* Extensions.swift */,
			);
			path = "One Speed";
			sourceTree = "<group>";
		};
		F70ABF452896C0F200B90BCB /* Models */ = {
			isa = PBXGroup;
			children = (
				F70ABF432896C0EE00B90BCB /* Test.swift */,
			);
			path = Models;
			sourceTree = "<group>";
		};
		F74D9ECC288FEEC000106654 /* Helpers */ = {
			isa = PBXGroup;
			children = (
				F7A384DE28A7F61400CA8D3E /* GaugeView.swift */,
				F7A384DA28A7F46700CA8D3E /* SlideUpAnimator.swift */,
				F70879A8289022300088B5FE /* AlertManager.swift */,
				F74D9ECA288FEEBB00106654 /* Reachability.swift */,
			);
			path = Helpers;
			sourceTree = "<group>";
		};
		F74D9ECF2890002800106654 /* ViewControllers */ = {
			isa = PBXGroup;
			children = (
				EB79467B2882DADE0014723D /* TestViewController.swift */,
				F74D9ECD2890002200106654 /* HistoryViewController.swift */,
			);
			path = ViewControllers;
			sourceTree = "<group>";
		};
		F77ED43C28A40F080013F80A /* TableViewCell */ = {
			isa = PBXGroup;
			children = (
				F77ED43728A40EE90013F80A /* TableViewCell.swift */,
				F77ED43828A40EE90013F80A /* TableViewCell.xib */,
			);
			path = TableViewCell;
			sourceTree = "<group>";
		};
/* End PBXGroup section */

/* Begin PBXNativeTarget section */
		EB7946732882DADE0014723D /* One Speed */ = {
			isa = PBXNativeTarget;
			buildConfigurationList = EB7946882882DAE00014723D /* Build configuration list for PBXNativeTarget "One Speed" */;
			buildPhases = (
				EB7946702882DADE0014723D /* Sources */,
				EB7946712882DADE0014723D /* Frameworks */,
				EB7946722882DADE0014723D /* Resources */,
			);
			buildRules = (
			);
			dependencies = (
			);
			name = "One Speed";
			packageProductDependencies = (
				F7A384E128A7F8BF00CA8D3E /* GaugeSlider */,
				F7287EDD28B390F10078A151 /* Reachability */,
			);
			productName = "One Speed";
			productReference = EB7946742882DADE0014723D /* One Speed.app */;
			productType = "com.apple.product-type.application";
		};
/* End PBXNativeTarget section */

/* Begin PBXProject section */
		EB79466C2882DADE0014723D /* Project object */ = {
			isa = PBXProject;
			attributes = {
				BuildIndependentTargetsInParallel = 1;
				LastSwiftUpdateCheck = 1340;
				LastUpgradeCheck = 1340;
				TargetAttributes = {
					EB7946732882DADE0014723D = {
						CreatedOnToolsVersion = 13.4.1;
					};
				};
			};
			buildConfigurationList = EB79466F2882DADE0014723D /* Build configuration list for PBXProject "One Speed" */;
			compatibilityVersion = "Xcode 13.0";
			developmentRegion = en;
			hasScannedForEncodings = 0;
			knownRegions = (
				en,
				Base,
			);
			mainGroup = EB79466B2882DADE0014723D;
			packageReferences = (
				F7A384E028A7F8BF00CA8D3E /* XCRemoteSwiftPackageReference "GaugeSlider" */,
				F7287EDC28B390F10078A151 /* XCRemoteSwiftPackageReference "Reachability" */,
			);
			productRefGroup = EB7946752882DADE0014723D /* Products */;
			projectDirPath = "";
			projectRoot = "";
			targets = (
				EB7946732882DADE0014723D /* One Speed */,
			);
		};
/* End PBXProject section */

/* Begin PBXResourcesBuildPhase section */
		EB7946722882DADE0014723D /* Resources */ = {
			isa = PBXResourcesBuildPhase;
			buildActionMask = 2147483647;
			files = (
				EB7946842882DAE00014723D /* LaunchScreen.storyboard in Resources */,
				F77ED43A28A40EE90013F80A /* TableViewCell.xib in Resources */,
				EB7946812882DAE00014723D /* Assets.xcassets in Resources */,
				EB79467F2882DADE0014723D /* Main.storyboard in Resources */,
			);
			runOnlyForDeploymentPostprocessing = 0;
		};
/* End PBXResourcesBuildPhase section */

/* Begin PBXSourcesBuildPhase section */
		EB7946702882DADE0014723D /* Sources */ = {
			isa = PBXSourcesBuildPhase;
			buildActionMask = 2147483647;
			files = (
				EB79467C2882DADE0014723D /* TestViewController.swift in Sources */,
				F7A384DB28A7F46700CA8D3E /* SlideUpAnimator.swift in Sources */,
				EB7946782882DADE0014723D /* AppDelegate.swift in Sources */,
				F70879A9289022300088B5FE /* AlertManager.swift in Sources */,
				F77ED43928A40EE90013F80A /* TableViewCell.swift in Sources */,
				F74D9ECB288FEEBB00106654 /* Reachability.swift in Sources */,
				F74D9ECE2890002200106654 /* HistoryViewController.swift in Sources */,
				F70ABF442896C0EE00B90BCB /* Test.swift in Sources */,
				F7A384DF28A7F61400CA8D3E /* GaugeView.swift in Sources */,
				EB79467A2882DADE0014723D /* SceneDelegate.swift in Sources */,
				F70ABF422896BF7800B90BCB /* Extensions.swift in Sources */,
			);
			runOnlyForDeploymentPostprocessing = 0;
		};
/* End PBXSourcesBuildPhase section */

/* Begin PBXVariantGroup section */
		EB79467D2882DADE0014723D /* Main.storyboard */ = {
			isa = PBXVariantGroup;
			children = (
				EB79467E2882DADE0014723D /* Base */,
			);
			name = Main.storyboard;
			sourceTree = "<group>";
		};
		EB7946822882DAE00014723D /* LaunchScreen.storyboard */ = {
			isa = PBXVariantGroup;
			children = (
				EB7946832882DAE00014723D /* Base */,
			);
			name = LaunchScreen.storyboard;
			sourceTree = "<group>";
		};
/* End PBXVariantGroup section */

/* Begin XCBuildConfiguration section */
		EB7946862882DAE00014723D /* Debug */ = {
			isa = XCBuildConfiguration;
			buildSettings = {
				ALWAYS_SEARCH_USER_PATHS = NO;
				CLANG_ANALYZER_NONNULL = YES;
				CLANG_ANALYZER_NUMBER_OBJECT_CONVERSION = YES_AGGRESSIVE;
				CLANG_CXX_LANGUAGE_STANDARD = "gnu++17";
				CLANG_ENABLE_MODULES = YES;
				CLANG_ENABLE_OBJC_ARC = YES;
				CLANG_ENABLE_OBJC_WEAK = YES;
				CLANG_WARN_BLOCK_CAPTURE_AUTORELEASING = YES;
				CLANG_WARN_BOOL_CONVERSION = YES;
				CLANG_WARN_COMMA = YES;
				CLANG_WARN_CONSTANT_CONVERSION = YES;
				CLANG_WARN_DEPRECATED_OBJC_IMPLEMENTATIONS = YES;
				CLANG_WARN_DIRECT_OBJC_ISA_USAGE = YES_ERROR;
				CLANG_WARN_DOCUMENTATION_COMMENTS = YES;
				CLANG_WARN_EMPTY_BODY = YES;
				CLANG_WARN_ENUM_CONVERSION = YES;
				CLANG_WARN_INFINITE_RECURSION = YES;
				CLANG_WARN_INT_CONVERSION = YES;
				CLANG_WARN_NON_LITERAL_NULL_CONVERSION = YES;
				CLANG_WARN_OBJC_IMPLICIT_RETAIN_SELF = YES;
				CLANG_WARN_OBJC_LITERAL_CONVERSION = YES;
				CLANG_WARN_OBJC_ROOT_CLASS = YES_ERROR;
				CLANG_WARN_QUOTED_INCLUDE_IN_FRAMEWORK_HEADER = YES;
				CLANG_WARN_RANGE_LOOP_ANALYSIS = YES;
				CLANG_WARN_STRICT_PROTOTYPES = YES;
				CLANG_WARN_SUSPICIOUS_MOVE = YES;
				CLANG_WARN_UNGUARDED_AVAILABILITY = YES_AGGRESSIVE;
				CLANG_WARN_UNREACHABLE_CODE = YES;
				CLANG_WARN__DUPLICATE_METHOD_MATCH = YES;
				COPY_PHASE_STRIP = NO;
				DEBUG_INFORMATION_FORMAT = dwarf;
				ENABLE_STRICT_OBJC_MSGSEND = YES;
				ENABLE_TESTABILITY = YES;
				GCC_C_LANGUAGE_STANDARD = gnu11;
				GCC_DYNAMIC_NO_PIC = NO;
				GCC_NO_COMMON_BLOCKS = YES;
				GCC_OPTIMIZATION_LEVEL = 0;
				GCC_PREPROCESSOR_DEFINITIONS = (
					"DEBUG=1",
					"$(inherited)",
				);
				GCC_WARN_64_TO_32_BIT_CONVERSION = YES;
				GCC_WARN_ABOUT_RETURN_TYPE = YES_ERROR;
				GCC_WARN_UNDECLARED_SELECTOR = YES;
				GCC_WARN_UNINITIALIZED_AUTOS = YES_AGGRESSIVE;
				GCC_WARN_UNUSED_FUNCTION = YES;
				GCC_WARN_UNUSED_VARIABLE = YES;
				IPHONEOS_DEPLOYMENT_TARGET = 15.5;
				MTL_ENABLE_DEBUG_INFO = INCLUDE_SOURCE;
				MTL_FAST_MATH = YES;
				ONLY_ACTIVE_ARCH = YES;
				SDKROOT = iphoneos;
				SWIFT_ACTIVE_COMPILATION_CONDITIONS = DEBUG;
				SWIFT_OPTIMIZATION_LEVEL = "-Onone";
			};
			name = Debug;
		};
		EB7946872882DAE00014723D /* Release */ = {
			isa = XCBuildConfiguration;
			buildSettings = {
				ALWAYS_SEARCH_USER_PATHS = NO;
				CLANG_ANALYZER_NONNULL = YES;
				CLANG_ANALYZER_NUMBER_OBJECT_CONVERSION = YES_AGGRESSIVE;
				CLANG_CXX_LANGUAGE_STANDARD = "gnu++17";
				CLANG_ENABLE_MODULES = YES;
				CLANG_ENABLE_OBJC_ARC = YES;
				CLANG_ENABLE_OBJC_WEAK = YES;
				CLANG_WARN_BLOCK_CAPTURE_AUTORELEASING = YES;
				CLANG_WARN_BOOL_CONVERSION = YES;
				CLANG_WARN_COMMA = YES;
				CLANG_WARN_CONSTANT_CONVERSION = YES;
				CLANG_WARN_DEPRECATED_OBJC_IMPLEMENTATIONS = YES;
				CLANG_WARN_DIRECT_OBJC_ISA_USAGE = YES_ERROR;
				CLANG_WARN_DOCUMENTATION_COMMENTS = YES;
				CLANG_WARN_EMPTY_BODY = YES;
				CLANG_WARN_ENUM_CONVERSION = YES;
				CLANG_WARN_INFINITE_RECURSION = YES;
				CLANG_WARN_INT_CONVERSION = YES;
				CLANG_WARN_NON_LITERAL_NULL_CONVERSION = YES;
				CLANG_WARN_OBJC_IMPLICIT_RETAIN_SELF = YES;
				CLANG_WARN_OBJC_LITERAL_CONVERSION = YES;
				CLANG_WARN_OBJC_ROOT_CLASS = YES_ERROR;
				CLANG_WARN_QUOTED_INCLUDE_IN_FRAMEWORK_HEADER = YES;
				CLANG_WARN_RANGE_LOOP_ANALYSIS = YES;
				CLANG_WARN_STRICT_PROTOTYPES = YES;
				CLANG_WARN_SUSPICIOUS_MOVE = YES;
				CLANG_WARN_UNGUARDED_AVAILABILITY = YES_AGGRESSIVE;
				CLANG_WARN_UNREACHABLE_CODE = YES;
				CLANG_WARN__DUPLICATE_METHOD_MATCH = YES;
				COPY_PHASE_STRIP = NO;
				DEBUG_INFORMATION_FORMAT = "dwarf-with-dsym";
				ENABLE_NS_ASSERTIONS = NO;
				ENABLE_STRICT_OBJC_MSGSEND = YES;
				GCC_C_LANGUAGE_STANDARD = gnu11;
				GCC_NO_COMMON_BLOCKS = YES;
				GCC_WARN_64_TO_32_BIT_CONVERSION = YES;
				GCC_WARN_ABOUT_RETURN_TYPE = YES_ERROR;
				GCC_WARN_UNDECLARED_SELECTOR = YES;
				GCC_WARN_UNINITIALIZED_AUTOS = YES_AGGRESSIVE;
				GCC_WARN_UNUSED_FUNCTION = YES;
				GCC_WARN_UNUSED_VARIABLE = YES;
				IPHONEOS_DEPLOYMENT_TARGET = 15.5;
				MTL_ENABLE_DEBUG_INFO = NO;
				MTL_FAST_MATH = YES;
				SDKROOT = iphoneos;
				SWIFT_COMPILATION_MODE = wholemodule;
				SWIFT_OPTIMIZATION_LEVEL = "-O";
				VALIDATE_PRODUCT = YES;
			};
			name = Release;
		};
		EB7946892882DAE00014723D /* Debug */ = {
			isa = XCBuildConfiguration;
			buildSettings = {
				ASSETCATALOG_COMPILER_APPICON_NAME = AppIcon;
				ASSETCATALOG_COMPILER_GLOBAL_ACCENT_COLOR_NAME = AccentColor;
				CODE_SIGN_STYLE = Automatic;
				CURRENT_PROJECT_VERSION = 1;
				DEVELOPMENT_TEAM = 967Q89UR83;
				GENERATE_INFOPLIST_FILE = YES;
				INFOPLIST_FILE = "One Speed/Info.plist";
				INFOPLIST_KEY_UIApplicationSupportsIndirectInputEvents = YES;
				INFOPLIST_KEY_UILaunchStoryboardName = LaunchScreen;
				INFOPLIST_KEY_UIMainStoryboardFile = Main;
				INFOPLIST_KEY_UISupportedInterfaceOrientations = UIInterfaceOrientationPortrait;
				INFOPLIST_KEY_UISupportedInterfaceOrientations_iPad = "UIInterfaceOrientationPortrait UIInterfaceOrientationPortraitUpsideDown UIInterfaceOrientationLandscapeLeft UIInterfaceOrientationLandscapeRight";
				INFOPLIST_KEY_UISupportedInterfaceOrientations_iPhone = "UIInterfaceOrientationPortrait UIInterfaceOrientationLandscapeLeft UIInterfaceOrientationLandscapeRight";
				IPHONEOS_DEPLOYMENT_TARGET = 11.0;
				LD_RUNPATH_SEARCH_PATHS = (
					"$(inherited)",
					"@executable_path/Frameworks",
				);
				MARKETING_VERSION = 1.0;
				PRODUCT_BUNDLE_IDENTIFIER = "OneSpeed.One-Speed";
				PRODUCT_NAME = "$(TARGET_NAME)";
				SWIFT_EMIT_LOC_STRINGS = YES;
				SWIFT_VERSION = 5.0;
				TARGETED_DEVICE_FAMILY = 1;
			};
			name = Debug;
		};
		EB79468A2882DAE00014723D /* Release */ = {
			isa = XCBuildConfiguration;
			buildSettings = {
				ASSETCATALOG_COMPILER_APPICON_NAME = AppIcon;
				ASSETCATALOG_COMPILER_GLOBAL_ACCENT_COLOR_NAME = AccentColor;
				CODE_SIGN_STYLE = Automatic;
				CURRENT_PROJECT_VERSION = 1;
				DEVELOPMENT_TEAM = 967Q89UR83;
				GENERATE_INFOPLIST_FILE = YES;
				INFOPLIST_FILE = "One Speed/Info.plist";
				INFOPLIST_KEY_UIApplicationSupportsIndirectInputEvents = YES;
				INFOPLIST_KEY_UILaunchStoryboardName = LaunchScreen;
				INFOPLIST_KEY_UIMainStoryboardFile = Main;
				INFOPLIST_KEY_UISupportedInterfaceOrientations = UIInterfaceOrientationPortrait;
				INFOPLIST_KEY_UISupportedInterfaceOrientations_iPad = "UIInterfaceOrientationPortrait UIInterfaceOrientationPortraitUpsideDown UIInterfaceOrientationLandscapeLeft UIInterfaceOrientationLandscapeRight";
				INFOPLIST_KEY_UISupportedInterfaceOrientations_iPhone = "UIInterfaceOrientationPortrait UIInterfaceOrientationLandscapeLeft UIInterfaceOrientationLandscapeRight";
				IPHONEOS_DEPLOYMENT_TARGET = 11.0;
				LD_RUNPATH_SEARCH_PATHS = (
					"$(inherited)",
					"@executable_path/Frameworks",
				);
				MARKETING_VERSION = 1.0;
				PRODUCT_BUNDLE_IDENTIFIER = "OneSpeed.One-Speed";
				PRODUCT_NAME = "$(TARGET_NAME)";
				SWIFT_EMIT_LOC_STRINGS = YES;
				SWIFT_VERSION = 5.0;
				TARGETED_DEVICE_FAMILY = 1;
			};
			name = Release;
		};
/* End XCBuildConfiguration section */

/* Begin XCConfigurationList section */
		EB79466F2882DADE0014723D /* Build configuration list for PBXProject "One Speed" */ = {
			isa = XCConfigurationList;
			buildConfigurations = (
				EB7946862882DAE00014723D /* Debug */,
				EB7946872882DAE00014723D /* Release */,
			);
			defaultConfigurationIsVisible = 0;
			defaultConfigurationName = Release;
		};
		EB7946882882DAE00014723D /* Build configuration list for PBXNativeTarget "One Speed" */ = {
			isa = XCConfigurationList;
			buildConfigurations = (
				EB7946892882DAE00014723D /* Debug */,
				EB79468A2882DAE00014723D /* Release */,
			);
			defaultConfigurationIsVisible = 0;
			defaultConfigurationName = Release;
		};
/* End XCConfigurationList section */

/* Begin XCRemoteSwiftPackageReference section */
		F7287EDC28B390F10078A151 /* XCRemoteSwiftPackageReference "Reachability" */ = {
			isa = XCRemoteSwiftPackageReference;
			repositoryURL = "https://github.com/ashleymills/Reachability.swift";
			requirement = {
				branch = master;
				kind = branch;
			};
		};
		F7A384E028A7F8BF00CA8D3E /* XCRemoteSwiftPackageReference "GaugeSlider" */ = {
			isa = XCRemoteSwiftPackageReference;
			repositoryURL = "https://github.com/edgar-zigis/GaugeSlider";
			requirement = {
				kind = upToNextMajorVersion;
				minimumVersion = 1.0.0;
			};
		};
/* End XCRemoteSwiftPackageReference section */

/* Begin XCSwiftPackageProductDependency section */
		F7287EDD28B390F10078A151 /* Reachability */ = {
			isa = XCSwiftPackageProductDependency;
			package = F7287EDC28B390F10078A151 /* XCRemoteSwiftPackageReference "Reachability" */;
			productName = Reachability;
		};
		F7A384E128A7F8BF00CA8D3E /* GaugeSlider */ = {
			isa = XCSwiftPackageProductDependency;
			package = F7A384E028A7F8BF00CA8D3E /* XCRemoteSwiftPackageReference "GaugeSlider" */;
			productName = GaugeSlider;
		};
/* End XCSwiftPackageProductDependency section */
	};
	rootObject = EB79466C2882DADE0014723D /* Project object */;
}
